
Microsoft Visual Studio Solution File, Format Version 12.00
# Visual Studio Version 17
VisualStudioVersion = 17.8.34330.188
MinimumVisualStudioVersion = 10.0.40219.1
Project("{9A19103F-16F7-4668-BE54-9A1E7A4F7556}") = "Veriate", "Veriate\Veriate.csproj", "{BBBF1E55-91E7-4C2D-B049-877CD5BEFE04}"
EndProject
Project("{FAE04EC0-301F-11D3-BF4B-00C04F79EFBC}") = "Domain", "Domain\Domain.csproj", "{8F775602-0B7A-4626-A8B3-2F40C3250AC6}"
EndProject
Project("{FAE04EC0-301F-11D3-BF4B-00C04F79EFBC}") = "Data", "Data\Data.csproj", "{D3E31B1C-5479-4349-B873-2D392CAD52B3}"
EndProject
Global
	GlobalSection(SolutionConfigurationPlatforms) = preSolution
		Debug|Any CPU = Debug|Any CPU
		Release|Any CPU = Release|Any CPU
	EndGlobalSection
	GlobalSection(ProjectConfigurationPlatforms) = postSolution
		{BBBF1E55-91E7-4C2D-B049-877CD5BEFE04}.Debug|Any CPU.ActiveCfg = Debug|Any CPU
		{BBBF1E55-91E7-4C2D-B049-877CD5BEFE04}.Debug|Any CPU.Build.0 = Debug|Any CPU
		{BBBF1E55-91E7-4C2D-B049-877CD5BEFE04}.Release|Any CPU.ActiveCfg = Release|Any CPU
		{BBBF1E55-91E7-4C2D-B049-877CD5BEFE04}.Release|Any CPU.Build.0 = Release|Any CPU
		{8F775602-0B7A-4626-A8B3-2F40C3250AC6}.Debug|Any CPU.ActiveCfg = Debug|Any CPU
		{8F775602-0B7A-4626-A8B3-2F40C3250AC6}.Debug|Any CPU.Build.0 = Debug|Any CPU
		{8F775602-0B7A-4626-A8B3-2F40C3250AC6}.Release|Any CPU.ActiveCfg = Release|Any CPU
		{8F775602-0B7A-4626-A8B3-2F40C3250AC6}.Release|Any CPU.Build.0 = Release|Any CPU
		{D3E31B1C-5479-4349-B873-2D392CAD52B3}.Debug|Any CPU.ActiveCfg = Debug|Any CPU
		{D3E31B1C-5479-4349-B873-2D392CAD52B3}.Debug|Any CPU.Build.0 = Debug|Any CPU
		{D3E31B1C-5479-4349-B873-2D392CAD52B3}.Release|Any CPU.ActiveCfg = Release|Any CPU
		{D3E31B1C-5479-4349-B873-2D392CAD52B3}.Release|Any CPU.Build.0 = Release|Any CPU
	EndGlobalSection
	GlobalSection(SolutionProperties) = preSolution
		HideSolutionNode = FALSE
	EndGlobalSection
	GlobalSection(ExtensibilityGlobals) = postSolution
		SolutionGuid = {279DFAF8-07E2-4C2E-B8B2-04293F79DEAF}
	EndGlobalSection
EndGlobal
